
Microsoft Visual Studio Solution File, Format Version 12.00
# Visual Studio 15
Project("{FAE04EC0-301F-11D3-BF4B-00C04F79EFBC}") = "E-Commerce", "E-Commerce\E-Commerce.csproj", "{7761E92A-1BAA-428A-830F-27029975CD24}"
EndProject
Project("{FAE04EC0-301F-11D3-BF4B-00C04F79EFBC}") = "E-Commerce.UnitTests", "E-Commerce.UnitTests\E-Commerce.UnitTests.csproj", "{952789B5-583E-4450-9FE8-373E64501902}"
EndProject
Project("{FAE04EC0-301F-11D3-BF4B-00C04F79EFBC}") = "E-Commerce.IntegrationTests", "E-Commerse.IntergrationTests\E-Commerce.IntegrationTests.csproj", "{80DA8FCF-837D-4AB2-BB8E-664ECECC08C2}"
EndProject
Global
	GlobalSection(SolutionConfigurationPlatforms) = preSolution
		Debug|Any CPU = Debug|Any CPU
		Release|Any CPU = Release|Any CPU
	EndGlobalSection
	GlobalSection(ProjectConfigurationPlatforms) = postSolution
		{7761E92A-1BAA-428A-830F-27029975CD24}.Debug|Any CPU.ActiveCfg = Debug|Any CPU
		{7761E92A-1BAA-428A-830F-27029975CD24}.Debug|Any CPU.Build.0 = Debug|Any CPU
		{7761E92A-1BAA-428A-830F-27029975CD24}.Release|Any CPU.ActiveCfg = Release|Any CPU
		{7761E92A-1BAA-428A-830F-27029975CD24}.Release|Any CPU.Build.0 = Release|Any CPU
		{952789B5-583E-4450-9FE8-373E64501902}.Debug|Any CPU.ActiveCfg = Debug|Any CPU
		{952789B5-583E-4450-9FE8-373E64501902}.Debug|Any CPU.Build.0 = Debug|Any CPU
		{952789B5-583E-4450-9FE8-373E64501902}.Release|Any CPU.ActiveCfg = Release|Any CPU
		{952789B5-583E-4450-9FE8-373E64501902}.Release|Any CPU.Build.0 = Release|Any CPU
		{80DA8FCF-837D-4AB2-BB8E-664ECECC08C2}.Debug|Any CPU.ActiveCfg = Debug|Any CPU
		{80DA8FCF-837D-4AB2-BB8E-664ECECC08C2}.Debug|Any CPU.Build.0 = Debug|Any CPU
		{80DA8FCF-837D-4AB2-BB8E-664ECECC08C2}.Release|Any CPU.ActiveCfg = Release|Any CPU
		{80DA8FCF-837D-4AB2-BB8E-664ECECC08C2}.Release|Any CPU.Build.0 = Release|Any CPU
	EndGlobalSection
EndGlobal
